PODS:
  - esp_blufi_for_flutter (0.0.1):
    - Flutter
  - Flutter (1.0.0)

DEPENDENCIES:
  - esp_blufi_for_flutter (from `.symlinks/plugins/esp_blufi_for_flutter/ios`)
  - Flutter (from `Flutter`)

EXTERNAL SOURCES:
  esp_blufi_for_flutter:
    :path: ".symlinks/plugins/esp_blufi_for_flutter/ios"
  Flutter:
    :path: Flutter

SPEC CHECKSUMS:
  esp_blufi_for_flutter: 65bbe7488bb54b525dfcc089ba6eba57782d4d20
  Flutter: e0871f40cf51350855a761d2e70bf5af5b9b5de7

PODFILE CHECKSUM: d85ddc5f90e8c593f9dc16ef40fc88253b4f8f6b

COCOAPODS: 1.16.2
